
Microsoft Visual Studio Solution File, Format Version 12.00
# Visual Studio Version 16
VisualStudioVersion = 16.0.31729.503
MinimumVisualStudioVersion = 10.0.40219.1
Project("{8BC9CEB8-8B4A-11D0-8D11-00A0C91BC942}") = "Task_1_assingment_2", "Task_1_assingment_2\Task_1_assingment_2.vcxproj", "{CC88D76F-20EF-44F0-BAE8-AC309E5E44ED}"
EndProject
Global
	GlobalSection(SolutionConfigurationPlatforms) = preSolution
		Debug|x64 = Debug|x64
		Debug|x86 = Debug|x86
		Release|x64 = Release|x64
		Release|x86 = Release|x86
	EndGlobalSection
	GlobalSection(ProjectConfigurationPlatforms) = postSolution
		{CC88D76F-20EF-44F0-BAE8-AC309E5E44ED}.Debug|x64.ActiveCfg = Debug|x64
		{CC88D76F-20EF-44F0-BAE8-AC309E5E44ED}.Debug|x64.Build.0 = Debug|x64
		{CC88D76F-20EF-44F0-BAE8-AC309E5E44ED}.Debug|x86.ActiveCfg = Debug|Win32
		{CC88D76F-20EF-44F0-BAE8-AC309E5E44ED}.Debug|x86.Build.0 = Debug|Win32
		{CC88D76F-20EF-44F0-BAE8-AC309E5E44ED}.Release|x64.ActiveCfg = Release|x64
		{CC88D76F-20EF-44F0-BAE8-AC309E5E44ED}.Release|x64.Build.0 = Release|x64
		{CC88D76F-20EF-44F0-BAE8-AC309E5E44ED}.Release|x86.ActiveCfg = Release|Win32
		{CC88D76F-20EF-44F0-BAE8-AC309E5E44ED}.Release|x86.Build.0 = Release|Win32
	EndGlobalSection
	GlobalSection(SolutionProperties) = preSolution
		HideSolutionNode = FALSE
	EndGlobalSection
	GlobalSection(ExtensibilityGlobals) = postSolution
		SolutionGuid = {7522F95B-A1D4-4F40-BEA2-56276BD69FAF}
	EndGlobalSection
EndGlobal
